// !$*UTF8*$!
{
	archiveVersion = 1;
	classes = {
	};
	objectVersion = 56;
	objects = {

/* Begin PBXBuildFile section */
		2A3B6D392C3919C0006B45E4 /* Preview Assets.xcassets in Resources */ = {isa = PBXBuildFile; fileRef = 2A3B6D2A2C3919C0006B45E4 /* Preview Assets.xcassets */; };
		2A3B6D3A2C3919C0006B45E4 /* DictionaryModel.swift in Sources */ = {isa = PBXBuildFile; fileRef = 2A3B6D2C2C3919C0006B45E4 /* DictionaryModel.swift */; };
		2A3B6D3B2C3919C0006B45E4 /* DictionaryView.swift in Sources */ = {isa = PBXBuildFile; fileRef = 2A3B6D2D2C3919C0006B45E4 /* DictionaryView.swift */; };
		2A3B6D3C2C3919C0006B45E4 /* DictionaryViewModel.swift in Sources */ = {isa = PBXBuildFile; fileRef = 2A3B6D2E2C3919C0006B45E4 /* DictionaryViewModel.swift */; };
		2A3B6D3D2C3919C0006B45E4 /* WebService.swift in Sources */ = {isa = PBXBuildFile; fileRef = 2A3B6D302C3919C0006B45E4 /* WebService.swift */; };
		2A3B6D3E2C3919C0006B45E4 /* Assets.xcassets in Resources */ = {isa = PBXBuildFile; fileRef = 2A3B6D322C3919C0006B45E4 /* Assets.xcassets */; };
		2A3B6D3F2C3919C0006B45E4 /* DevOpsPractical8App.swift in Sources */ = {isa = PBXBuildFile; fileRef = 2A3B6D332C3919C0006B45E4 /* DevOpsPractical8App.swift */; };
		2A3B6D402C391AE6006B45E4 /* MockWebService.swift in Sources */ = {isa = PBXBuildFile; fileRef = 2A3B6D252C3919C0006B45E4 /* MockWebService.swift */; };
		2A3B6D412C391B06006B45E4 /* MockResponse.swift in Sources */ = {isa = PBXBuildFile; fileRef = 2A3B6D232C3919C0006B45E4 /* MockResponse.swift */; };
		2A3B6D422C391B0B006B45E4 /* Dictionary.geojson in Resources */ = {isa = PBXBuildFile; fileRef = 2A3B6D272C3919C0006B45E4 /* Dictionary.geojson */; };
		2A3B6D432C391B10006B45E4 /* DictionaryViewModelTests.swift in Sources */ = {isa = PBXBuildFile; fileRef = 2A3B6D282C3919C0006B45E4 /* DictionaryViewModelTests.swift */; };
		C3F29F77E58793248FCB7980 /* Pods_DevOpsPractical11Tests.framework in Frameworks */ = {isa = PBXBuildFile; fileRef = F9AA4EBB06ABCC62F25B701A /* Pods_DevOpsPractical11Tests.framework */; };
		F80A433A907586E22CA73849 /* Pods_DevOpsPractical11.framework in Frameworks */ = {isa = PBXBuildFile; fileRef = 20863FD90E3FE03E3FEA599D /* Pods_DevOpsPractical11.framework */; };
/* End PBXBuildFile section */

/* Begin PBXContainerItemProxy section */
		63197C952A6F94410020AE44 /* PBXContainerItemProxy */ = {
			isa = PBXContainerItemProxy;
			containerPortal = 634FC2DD2A6E8500008ADCB9 /* Project object */;
			proxyType = 1;
			remoteGlobalIDString = 634FC2E42A6E8500008ADCB9;
			remoteInfo = Practical26;
		};
/* End PBXContainerItemProxy section */

/* Begin PBXFileReference section */
		1F8C3BAAA8D41A73146547B6 /* Pods-DevOpsPractical8.release.xcconfig */ = {isa = PBXFileReference; includeInIndex = 1; lastKnownFileType = text.xcconfig; name = "Pods-DevOpsPractical8.release.xcconfig"; path = "Target Support Files/Pods-DevOpsPractical8/Pods-DevOpsPractical8.release.xcconfig"; sourceTree = "<group>"; };
		20863FD90E3FE03E3FEA599D /* Pods_DevOpsPractical11.framework */ = {isa = PBXFileReference; explicitFileType = wrapper.framework; includeInIndex = 0; path = Pods_DevOpsPractical11.framework; sourceTree = BUILT_PRODUCTS_DIR; };
		2A3B6D232C3919C0006B45E4 /* MockResponse.swift */ = {isa = PBXFileReference; fileEncoding = 4; lastKnownFileType = sourcecode.swift; path = MockResponse.swift; sourceTree = "<group>"; };
		2A3B6D252C3919C0006B45E4 /* MockWebService.swift */ = {isa = PBXFileReference; fileEncoding = 4; lastKnownFileType = sourcecode.swift; path = MockWebService.swift; sourceTree = "<group>"; };
		2A3B6D272C3919C0006B45E4 /* Dictionary.geojson */ = {isa = PBXFileReference; fileEncoding = 4; lastKnownFileType = text; path = Dictionary.geojson; sourceTree = "<group>"; };
		2A3B6D282C3919C0006B45E4 /* DictionaryViewModelTests.swift */ = {isa = PBXFileReference; fileEncoding = 4; lastKnownFileType = sourcecode.swift; path = DictionaryViewModelTests.swift; sourceTree = "<group>"; };
		2A3B6D2A2C3919C0006B45E4 /* Preview Assets.xcassets */ = {isa = PBXFileReference; lastKnownFileType = folder.assetcatalog; path = "Preview Assets.xcassets"; sourceTree = "<group>"; };
		2A3B6D2C2C3919C0006B45E4 /* DictionaryModel.swift */ = {isa = PBXFileReference; fileEncoding = 4; lastKnownFileType = sourcecode.swift; path = DictionaryModel.swift; sourceTree = "<group>"; };
		2A3B6D2D2C3919C0006B45E4 /* DictionaryView.swift */ = {isa = PBXFileReference; fileEncoding = 4; lastKnownFileType = sourcecode.swift; path = DictionaryView.swift; sourceTree = "<group>"; };
		2A3B6D2E2C3919C0006B45E4 /* DictionaryViewModel.swift */ = {isa = PBXFileReference; fileEncoding = 4; lastKnownFileType = sourcecode.swift; path = DictionaryViewModel.swift; sourceTree = "<group>"; };
		2A3B6D302C3919C0006B45E4 /* WebService.swift */ = {isa = PBXFileReference; fileEncoding = 4; lastKnownFileType = sourcecode.swift; path = WebService.swift; sourceTree = "<group>"; };
		2A3B6D322C3919C0006B45E4 /* Assets.xcassets */ = {isa = PBXFileReference; lastKnownFileType = folder.assetcatalog; path = Assets.xcassets; sourceTree = "<group>"; };
		2A3B6D332C3919C0006B45E4 /* DevOpsPractical8App.swift */ = {isa = PBXFileReference; fileEncoding = 4; lastKnownFileType = sourcecode.swift; path = DevOpsPractical8App.swift; sourceTree = "<group>"; };
		34DD16F706C144C45B161263 /* Pods-DevOpsPractical8Tests.debug.xcconfig */ = {isa = PBXFileReference; includeInIndex = 1; lastKnownFileType = text.xcconfig; name = "Pods-DevOpsPractical8Tests.debug.xcconfig"; path = "Target Support Files/Pods-DevOpsPractical8Tests/Pods-DevOpsPractical8Tests.debug.xcconfig"; sourceTree = "<group>"; };
		4DBA1B2D39DC03B59C80F10C /* Pods-DevOpsPractical11Tests.debug.xcconfig */ = {isa = PBXFileReference; includeInIndex = 1; lastKnownFileType = text.xcconfig; name = "Pods-DevOpsPractical11Tests.debug.xcconfig"; path = "Target Support Files/Pods-DevOpsPractical11Tests/Pods-DevOpsPractical11Tests.debug.xcconfig"; sourceTree = "<group>"; };
		5D3CEA9ED869EC88EB5CBD74 /* Pods-DevOpsPractical11.debug.xcconfig */ = {isa = PBXFileReference; includeInIndex = 1; lastKnownFileType = text.xcconfig; name = "Pods-DevOpsPractical11.debug.xcconfig"; path = "Target Support Files/Pods-DevOpsPractical11/Pods-DevOpsPractical11.debug.xcconfig"; sourceTree = "<group>"; };
		63197C912A6F94410020AE44 /* DevOpsPractical11Tests.xctest */ = {isa = PBXFileReference; explicitFileType = wrapper.cfbundle; includeInIndex = 0; path = DevOpsPractical11Tests.xctest; sourceTree = BUILT_PRODUCTS_DIR; };
		634FC2E52A6E8500008ADCB9 /* DevOpsPractical11.app */ = {isa = PBXFileReference; explicitFileType = wrapper.application; includeInIndex = 0; path = DevOpsPractical11.app; sourceTree = BUILT_PRODUCTS_DIR; };
		770D2A7D4A65E7CCB8AC7A8F /* Pods-DevOpsPractical11.release.xcconfig */ = {isa = PBXFileReference; includeInIndex = 1; lastKnownFileType = text.xcconfig; name = "Pods-DevOpsPractical11.release.xcconfig"; path = "Target Support Files/Pods-DevOpsPractical11/Pods-DevOpsPractical11.release.xcconfig"; sourceTree = "<group>"; };
		9F818F17B62A65E8A6BE5A92 /* Pods-DevOpsPractical8.debug.xcconfig */ = {isa = PBXFileReference; includeInIndex = 1; lastKnownFileType = text.xcconfig; name = "Pods-DevOpsPractical8.debug.xcconfig"; path = "Target Support Files/Pods-DevOpsPractical8/Pods-DevOpsPractical8.debug.xcconfig"; sourceTree = "<group>"; };
		C9DFD63A15753220CE73D8D0 /* Pods-DevOpsPractical8Tests.release.xcconfig */ = {isa = PBXFileReference; includeInIndex = 1; lastKnownFileType = text.xcconfig; name = "Pods-DevOpsPractical8Tests.release.xcconfig"; path = "Target Support Files/Pods-DevOpsPractical8Tests/Pods-DevOpsPractical8Tests.release.xcconfig"; sourceTree = "<group>"; };
		D4517420C211519E505C221C /* Pods-DevOpsPractical11Tests.release.xcconfig */ = {isa = PBXFileReference; includeInIndex = 1; lastKnownFileType = text.xcconfig; name = "Pods-DevOpsPractical11Tests.release.xcconfig"; path = "Target Support Files/Pods-DevOpsPractical11Tests/Pods-DevOpsPractical11Tests.release.xcconfig"; sourceTree = "<group>"; };
		F9AA4EBB06ABCC62F25B701A /* Pods_DevOpsPractical11Tests.framework */ = {isa = PBXFileReference; explicitFileType = wrapper.framework; includeInIndex = 0; path = Pods_DevOpsPractical11Tests.framework; sourceTree = BUILT_PRODUCTS_DIR; };
/* End PBXFileReference section */

/* Begin PBXFrameworksBuildPhase section */
		63197C8E2A6F94410020AE44 /* Frameworks */ = {
			isa = PBXFrameworksBuildPhase;
			buildActionMask = 2147483647;
			files = (
				C3F29F77E58793248FCB7980 /* Pods_DevOpsPractical11Tests.framework in Frameworks */,
			);
			runOnlyForDeploymentPostprocessing = 0;
		};
		634FC2E22A6E8500008ADCB9 /* Frameworks */ = {
			isa = PBXFrameworksBuildPhase;
			buildActionMask = 2147483647;
			files = (
				F80A433A907586E22CA73849 /* Pods_DevOpsPractical11.framework in Frameworks */,
			);
			runOnlyForDeploymentPostprocessing = 0;
		};
/* End PBXFrameworksBuildPhase section */

/* Begin PBXGroup section */
		015158DA713099DC7472A9DF /* Pods */ = {
			isa = PBXGroup;
			children = (
				9F818F17B62A65E8A6BE5A92 /* Pods-DevOpsPractical8.debug.xcconfig */,
				1F8C3BAAA8D41A73146547B6 /* Pods-DevOpsPractical8.release.xcconfig */,
				34DD16F706C144C45B161263 /* Pods-DevOpsPractical8Tests.debug.xcconfig */,
				C9DFD63A15753220CE73D8D0 /* Pods-DevOpsPractical8Tests.release.xcconfig */,
				5D3CEA9ED869EC88EB5CBD74 /* Pods-DevOpsPractical11.debug.xcconfig */,
				770D2A7D4A65E7CCB8AC7A8F /* Pods-DevOpsPractical11.release.xcconfig */,
				4DBA1B2D39DC03B59C80F10C /* Pods-DevOpsPractical11Tests.debug.xcconfig */,
				D4517420C211519E505C221C /* Pods-DevOpsPractical11Tests.release.xcconfig */,
			);
			path = Pods;
			sourceTree = "<group>";
		};
		2A3B6D242C3919C0006B45E4 /* MockResponses */ = {
			isa = PBXGroup;
			children = (
				2A3B6D232C3919C0006B45E4 /* MockResponse.swift */,
			);
			path = MockResponses;
			sourceTree = "<group>";
		};
		2A3B6D262C3919C0006B45E4 /* MockWebService */ = {
			isa = PBXGroup;
			children = (
				2A3B6D252C3919C0006B45E4 /* MockWebService.swift */,
			);
			path = MockWebService;
			sourceTree = "<group>";
		};
		2A3B6D292C3919C0006B45E4 /* DevOpsPractical11Tests */ = {
			isa = PBXGroup;
			children = (
				2A3B6D242C3919C0006B45E4 /* MockResponses */,
				2A3B6D262C3919C0006B45E4 /* MockWebService */,
				2A3B6D272C3919C0006B45E4 /* Dictionary.geojson */,
				2A3B6D282C3919C0006B45E4 /* DictionaryViewModelTests.swift */,
			);
			path = DevOpsPractical11Tests;
			sourceTree = "<group>";
		};
		2A3B6D2B2C3919C0006B45E4 /* Preview Content */ = {
			isa = PBXGroup;
			children = (
				2A3B6D2A2C3919C0006B45E4 /* Preview Assets.xcassets */,
			);
			path = "Preview Content";
			sourceTree = "<group>";
		};
		2A3B6D2F2C3919C0006B45E4 /* Views */ = {
			isa = PBXGroup;
			children = (
				2A3B6D2C2C3919C0006B45E4 /* DictionaryModel.swift */,
				2A3B6D2D2C3919C0006B45E4 /* DictionaryView.swift */,
				2A3B6D2E2C3919C0006B45E4 /* DictionaryViewModel.swift */,
			);
			path = Views;
			sourceTree = "<group>";
		};
		2A3B6D312C3919C0006B45E4 /* WebService */ = {
			isa = PBXGroup;
			children = (
				2A3B6D302C3919C0006B45E4 /* WebService.swift */,
			);
			path = WebService;
			sourceTree = "<group>";
		};
		2A3B6D342C3919C0006B45E4 /* DevOpsPractical11 */ = {
			isa = PBXGroup;
			children = (
				2A3B6D2B2C3919C0006B45E4 /* Preview Content */,
				2A3B6D2F2C3919C0006B45E4 /* Views */,
				2A3B6D312C3919C0006B45E4 /* WebService */,
				2A3B6D322C3919C0006B45E4 /* Assets.xcassets */,
				2A3B6D332C3919C0006B45E4 /* DevOpsPractical8App.swift */,
			);
			path = DevOpsPractical11;
			sourceTree = "<group>";
		};
		634FC2DC2A6E8500008ADCB9 = {
			isa = PBXGroup;
			children = (
				2A3B6D342C3919C0006B45E4 /* DevOpsPractical11 */,
				2A3B6D292C3919C0006B45E4 /* DevOpsPractical11Tests */,
				634FC2E62A6E8500008ADCB9 /* Products */,
				015158DA713099DC7472A9DF /* Pods */,
				BBCD0B46EE908693C97F286B /* Frameworks */,
			);
			sourceTree = "<group>";
		};
		634FC2E62A6E8500008ADCB9 /* Products */ = {
			isa = PBXGroup;
			children = (
				634FC2E52A6E8500008ADCB9 /* DevOpsPractical11.app */,
				63197C912A6F94410020AE44 /* DevOpsPractical11Tests.xctest */,
			);
			name = Products;
			sourceTree = "<group>";
		};
		BBCD0B46EE908693C97F286B /* Frameworks */ = {
			isa = PBXGroup;
			children = (
				20863FD90E3FE03E3FEA599D /* Pods_DevOpsPractical11.framework */,
				F9AA4EBB06ABCC62F25B701A /* Pods_DevOpsPractical11Tests.framework */,
			);
			name = Frameworks;
			sourceTree = "<group>";
		};
/* End PBXGroup section */

/* Begin PBXNativeTarget section */
		63197C902A6F94410020AE44 /* DevOpsPractical11Tests */ = {
			isa = PBXNativeTarget;
			buildConfigurationList = 63197C972A6F94410020AE44 /* Build configuration list for PBXNativeTarget "DevOpsPractical11Tests" */;
			buildPhases = (
				FD5E1DBA58881469E93BA331 /* [CP] Check Pods Manifest.lock */,
				63197C8D2A6F94410020AE44 /* Sources */,
				63197C8E2A6F94410020AE44 /* Frameworks */,
				63197C8F2A6F94410020AE44 /* Resources */,
			);
			buildRules = (
			);
			dependencies = (
				63197C962A6F94410020AE44 /* PBXTargetDependency */,
			);
			name = DevOpsPractical11Tests;
			productName = Practical26Tests;
			productReference = 63197C912A6F94410020AE44 /* DevOpsPractical11Tests.xctest */;
			productType = "com.apple.product-type.bundle.unit-test";
		};
		634FC2E42A6E8500008ADCB9 /* DevOpsPractical11 */ = {
			isa = PBXNativeTarget;
			buildConfigurationList = 634FC2F32A6E8501008ADCB9 /* Build configuration list for PBXNativeTarget "DevOpsPractical11" */;
			buildPhases = (
				63E3C3946C561AE8D2178082 /* [CP] Check Pods Manifest.lock */,
				634FC2E12A6E8500008ADCB9 /* Sources */,
				634FC2E22A6E8500008ADCB9 /* Frameworks */,
				634FC2E32A6E8500008ADCB9 /* Resources */,
				3C717186820C9357376D30DF /* [CP] Embed Pods Frameworks */,
			);
			buildRules = (
			);
			dependencies = (
			);
			name = DevOpsPractical11;
			productName = Practical26;
			productReference = 634FC2E52A6E8500008ADCB9 /* DevOpsPractical11.app */;
			productType = "com.apple.product-type.application";
		};
/* End PBXNativeTarget section */

/* Begin PBXProject section */
		634FC2DD2A6E8500008ADCB9 /* Project object */ = {
			isa = PBXProject;
			attributes = {
				BuildIndependentTargetsInParallel = 1;
				LastSwiftUpdateCheck = 1430;
				LastUpgradeCheck = 1430;
				TargetAttributes = {
					63197C902A6F94410020AE44 = {
						CreatedOnToolsVersion = 14.3.1;
						TestTargetID = 634FC2E42A6E8500008ADCB9;
					};
					634FC2E42A6E8500008ADCB9 = {
						CreatedOnToolsVersion = 14.3.1;
					};
				};
			};
			buildConfigurationList = 634FC2E02A6E8500008ADCB9 /* Build configuration list for PBXProject "DevOpsPractical11" */;
			compatibilityVersion = "Xcode 14.0";
			developmentRegion = en;
			hasScannedForEncodings = 0;
			knownRegions = (
				en,
				Base,
			);
			mainGroup = 634FC2DC2A6E8500008ADCB9;
			productRefGroup = 634FC2E62A6E8500008ADCB9 /* Products */;
			projectDirPath = "";
			projectRoot = "";
			targets = (
				634FC2E42A6E8500008ADCB9 /* DevOpsPractical11 */,
				63197C902A6F94410020AE44 /* DevOpsPractical11Tests */,
			);
		};
/* End PBXProject section */

/* Begin PBXResourcesBuildPhase section */
		63197C8F2A6F94410020AE44 /* Resources */ = {
			isa = PBXResourcesBuildPhase;
			buildActionMask = 2147483647;
			files = (
				2A3B6D422C391B0B006B45E4 /* Dictionary.geojson in Resources */,
			);
			runOnlyForDeploymentPostprocessing = 0;
		};
		634FC2E32A6E8500008ADCB9 /* Resources */ = {
			isa = PBXResourcesBuildPhase;
			buildActionMask = 2147483647;
			files = (
				2A3B6D392C3919C0006B45E4 /* Preview Assets.xcassets in Resources */,
				2A3B6D3E2C3919C0006B45E4 /* Assets.xcassets in Resources */,
			);
			runOnlyForDeploymentPostprocessing = 0;
		};
/* End PBXResourcesBuildPhase section */

/* Begin PBXShellScriptBuildPhase section */
		3C717186820C9357376D30DF /* [CP] Embed Pods Frameworks */ = {
			isa = PBXShellScriptBuildPhase;
			buildActionMask = 2147483647;
			files = (
			);
			inputFileListPaths = (
				"${PODS_ROOT}/Target Support Files/Pods-DevOpsPractical11/Pods-DevOpsPractical11-frameworks-${CONFIGURATION}-input-files.xcfilelist",
			);
			name = "[CP] Embed Pods Frameworks";
			outputFileListPaths = (
				"${PODS_ROOT}/Target Support Files/Pods-DevOpsPractical11/Pods-DevOpsPractical11-frameworks-${CONFIGURATION}-output-files.xcfilelist",
			);
			runOnlyForDeploymentPostprocessing = 0;
			shellPath = /bin/sh;
			shellScript = "\"${PODS_ROOT}/Target Support Files/Pods-DevOpsPractical11/Pods-DevOpsPractical11-frameworks.sh\"\n";
			showEnvVarsInLog = 0;
		};
		63E3C3946C561AE8D2178082 /* [CP] Check Pods Manifest.lock */ = {
			isa = PBXShellScriptBuildPhase;
			buildActionMask = 2147483647;
			files = (
			);
			inputFileListPaths = (
			);
			inputPaths = (
				"${PODS_PODFILE_DIR_PATH}/Podfile.lock",
				"${PODS_ROOT}/Manifest.lock",
			);
			name = "[CP] Check Pods Manifest.lock";
			outputFileListPaths = (
			);
			outputPaths = (
				"$(DERIVED_FILE_DIR)/Pods-DevOpsPractical11-checkManifestLockResult.txt",
			);
			runOnlyForDeploymentPostprocessing = 0;
			shellPath = /bin/sh;
			shellScript = "diff \"${PODS_PODFILE_DIR_PATH}/Podfile.lock\" \"${PODS_ROOT}/Manifest.lock\" > /dev/null\nif [ $? != 0 ] ; then\n    # print error to STDERR\n    echo \"error: The sandbox is not in sync with the Podfile.lock. Run 'pod install' or update your CocoaPods installation.\" >&2\n    exit 1\nfi\n# This output is used by Xcode 'outputs' to avoid re-running this script phase.\necho \"SUCCESS\" > \"${SCRIPT_OUTPUT_FILE_0}\"\n";
			showEnvVarsInLog = 0;
		};
		FD5E1DBA58881469E93BA331 /* [CP] Check Pods Manifest.lock */ = {
			isa = PBXShellScriptBuildPhase;
			buildActionMask = 2147483647;
			files = (
			);
			inputFileListPaths = (
			);
			inputPaths = (
				"${PODS_PODFILE_DIR_PATH}/Podfile.lock",
				"${PODS_ROOT}/Manifest.lock",
			);
			name = "[CP] Check Pods Manifest.lock";
			outputFileListPaths = (
			);
			outputPaths = (
				"$(DERIVED_FILE_DIR)/Pods-DevOpsPractical11Tests-checkManifestLockResult.txt",
			);
			runOnlyForDeploymentPostprocessing = 0;
			shellPath = /bin/sh;
			shellScript = "diff \"${PODS_PODFILE_DIR_PATH}/Podfile.lock\" \"${PODS_ROOT}/Manifest.lock\" > /dev/null\nif [ $? != 0 ] ; then\n    # print error to STDERR\n    echo \"error: The sandbox is not in sync with the Podfile.lock. Run 'pod install' or update your CocoaPods installation.\" >&2\n    exit 1\nfi\n# This output is used by Xcode 'outputs' to avoid re-running this script phase.\necho \"SUCCESS\" > \"${SCRIPT_OUTPUT_FILE_0}\"\n";
			showEnvVarsInLog = 0;
		};
/* End PBXShellScriptBuildPhase section */

/* Begin PBXSourcesBuildPhase section */
		63197C8D2A6F94410020AE44 /* Sources */ = {
			isa = PBXSourcesBuildPhase;
			buildActionMask = 2147483647;
			files = (
				2A3B6D412C391B06006B45E4 /* MockResponse.swift in Sources */,
				2A3B6D432C391B10006B45E4 /* DictionaryViewModelTests.swift in Sources */,
				2A3B6D402C391AE6006B45E4 /* MockWebService.swift in Sources */,
			);
			runOnlyForDeploymentPostprocessing = 0;
		};
		634FC2E12A6E8500008ADCB9 /* Sources */ = {
			isa = PBXSourcesBuildPhase;
			buildActionMask = 2147483647;
			files = (
				2A3B6D3C2C3919C0006B45E4 /* DictionaryViewModel.swift in Sources */,
				2A3B6D3F2C3919C0006B45E4 /* DevOpsPractical8App.swift in Sources */,
				2A3B6D3D2C3919C0006B45E4 /* WebService.swift in Sources */,
				2A3B6D3A2C3919C0006B45E4 /* DictionaryModel.swift in Sources */,
				2A3B6D3B2C3919C0006B45E4 /* DictionaryView.swift in Sources */,
			);
			runOnlyForDeploymentPostprocessing = 0;
		};
/* End PBXSourcesBuildPhase section */

/* Begin PBXTargetDependency section */
		63197C962A6F94410020AE44 /* PBXTargetDependency */ = {
			isa = PBXTargetDependency;
			target = 634FC2E42A6E8500008ADCB9 /* DevOpsPractical11 */;
			targetProxy = 63197C952A6F94410020AE44 /* PBXContainerItemProxy */;
		};
/* End PBXTargetDependency section */

/* Begin XCBuildConfiguration section */
		63197C982A6F94410020AE44 /* Debug */ = {
			isa = XCBuildConfiguration;
			baseConfigurationReference = 4DBA1B2D39DC03B59C80F10C /* Pods-DevOpsPractical11Tests.debug.xcconfig */;
			buildSettings = {
				ALWAYS_EMBED_SWIFT_STANDARD_LIBRARIES = YES;
				BUNDLE_LOADER = "$(TEST_HOST)";
				CODE_SIGN_STYLE = Automatic;
				CURRENT_PROJECT_VERSION = 1;
				GENERATE_INFOPLIST_FILE = YES;
				MARKETING_VERSION = 1.0;
				PRODUCT_BUNDLE_IDENTIFIER = com.ig.Practical26Tests;
				PRODUCT_NAME = "$(TARGET_NAME)";
				SWIFT_EMIT_LOC_STRINGS = NO;
				SWIFT_VERSION = 5.0;
				TARGETED_DEVICE_FAMILY = "1,2";
				TEST_HOST = "$(BUILT_PRODUCTS_DIR)/DevOpsPractical11.app/$(BUNDLE_EXECUTABLE_FOLDER_PATH)/DevOpsPractical11";
			};
			name = Debug;
		};
		63197C992A6F94410020AE44 /* Release */ = {
			isa = XCBuildConfiguration;
			baseConfigurationReference = D4517420C211519E505C221C /* Pods-DevOpsPractical11Tests.release.xcconfig */;
			buildSettings = {
				ALWAYS_EMBED_SWIFT_STANDARD_LIBRARIES = YES;
				BUNDLE_LOADER = "$(TEST_HOST)";
				CODE_SIGN_STYLE = Automatic;
				CURRENT_PROJECT_VERSION = 1;
				GENERATE_INFOPLIST_FILE = YES;
				MARKETING_VERSION = 1.0;
				PRODUCT_BUNDLE_IDENTIFIER = com.ig.Practical26Tests;
				PRODUCT_NAME = "$(TARGET_NAME)";
				SWIFT_EMIT_LOC_STRINGS = NO;
				SWIFT_VERSION = 5.0;
				TARGETED_DEVICE_FAMILY = "1,2";
				TEST_HOST = "$(BUILT_PRODUCTS_DIR)/DevOpsPractical11.app/$(BUNDLE_EXECUTABLE_FOLDER_PATH)/DevOpsPractical11";
			};
			name = Release;
		};
		634FC2F12A6E8501008ADCB9 /* Debug */ = {
			isa = XCBuildConfiguration;
			buildSettings = {
				ALWAYS_SEARCH_USER_PATHS = NO;
				CLANG_ANALYZER_NONNULL = YES;
				CLANG_ANALYZER_NUMBER_OBJECT_CONVERSION = YES_AGGRESSIVE;
				CLANG_CXX_LANGUAGE_STANDARD = "gnu++20";
				CLANG_ENABLE_MODULES = YES;
				CLANG_ENABLE_OBJC_ARC = YES;
				CLANG_ENABLE_OBJC_WEAK = YES;
				CLANG_WARN_BLOCK_CAPTURE_AUTORELEASING = YES;
				CLANG_WARN_BOOL_CONVERSION = YES;
				CLANG_WARN_COMMA = YES;
				CLANG_WARN_CONSTANT_CONVERSION = YES;
				CLANG_WARN_DEPRECATED_OBJC_IMPLEMENTATIONS = YES;
				CLANG_WARN_DIRECT_OBJC_ISA_USAGE = YES_ERROR;
				CLANG_WARN_DOCUMENTATION_COMMENTS = YES;
				CLANG_WARN_EMPTY_BODY = YES;
				CLANG_WARN_ENUM_CONVERSION = YES;
				CLANG_WARN_INFINITE_RECURSION = YES;
				CLANG_WARN_INT_CONVERSION = YES;
				CLANG_WARN_NON_LITERAL_NULL_CONVERSION = YES;
				CLANG_WARN_OBJC_IMPLICIT_RETAIN_SELF = YES;
				CLANG_WARN_OBJC_LITERAL_CONVERSION = YES;
				CLANG_WARN_OBJC_ROOT_CLASS = YES_ERROR;
				CLANG_WARN_QUOTED_INCLUDE_IN_FRAMEWORK_HEADER = YES;
				CLANG_WARN_RANGE_LOOP_ANALYSIS = YES;
				CLANG_WARN_STRICT_PROTOTYPES = YES;
				CLANG_WARN_SUSPICIOUS_MOVE = YES;
				CLANG_WARN_UNGUARDED_AVAILABILITY = YES_AGGRESSIVE;
				CLANG_WARN_UNREACHABLE_CODE = YES;
				CLANG_WARN__DUPLICATE_METHOD_MATCH = YES;
				COPY_PHASE_STRIP = NO;
				DEBUG_INFORMATION_FORMAT = dwarf;
				ENABLE_STRICT_OBJC_MSGSEND = YES;
				ENABLE_TESTABILITY = YES;
				GCC_C_LANGUAGE_STANDARD = gnu11;
				GCC_DYNAMIC_NO_PIC = NO;
				GCC_NO_COMMON_BLOCKS = YES;
				GCC_OPTIMIZATION_LEVEL = 0;
				GCC_PREPROCESSOR_DEFINITIONS = (
					"DEBUG=1",
					"$(inherited)",
				);
				GCC_WARN_64_TO_32_BIT_CONVERSION = YES;
				GCC_WARN_ABOUT_RETURN_TYPE = YES_ERROR;
				GCC_WARN_UNDECLARED_SELECTOR = YES;
				GCC_WARN_UNINITIALIZED_AUTOS = YES_AGGRESSIVE;
				GCC_WARN_UNUSED_FUNCTION = YES;
				GCC_WARN_UNUSED_VARIABLE = YES;
				IPHONEOS_DEPLOYMENT_TARGET = 16.4;
				MTL_ENABLE_DEBUG_INFO = INCLUDE_SOURCE;
				MTL_FAST_MATH = YES;
				ONLY_ACTIVE_ARCH = YES;
				SDKROOT = iphoneos;
				SWIFT_ACTIVE_COMPILATION_CONDITIONS = DEBUG;
				SWIFT_OPTIMIZATION_LEVEL = "-Onone";
			};
			name = Debug;
		};
		634FC2F22A6E8501008ADCB9 /* Release */ = {
			isa = XCBuildConfiguration;
			buildSettings = {
				ALWAYS_SEARCH_USER_PATHS = NO;
				CLANG_ANALYZER_NONNULL = YES;
				CLANG_ANALYZER_NUMBER_OBJECT_CONVERSION = YES_AGGRESSIVE;
				CLANG_CXX_LANGUAGE_STANDARD = "gnu++20";
				CLANG_ENABLE_MODULES = YES;
				CLANG_ENABLE_OBJC_ARC = YES;
				CLANG_ENABLE_OBJC_WEAK = YES;
				CLANG_WARN_BLOCK_CAPTURE_AUTORELEASING = YES;
				CLANG_WARN_BOOL_CONVERSION = YES;
				CLANG_WARN_COMMA = YES;
				CLANG_WARN_CONSTANT_CONVERSION = YES;
				CLANG_WARN_DEPRECATED_OBJC_IMPLEMENTATIONS = YES;
				CLANG_WARN_DIRECT_OBJC_ISA_USAGE = YES_ERROR;
				CLANG_WARN_DOCUMENTATION_COMMENTS = YES;
				CLANG_WARN_EMPTY_BODY = YES;
				CLANG_WARN_ENUM_CONVERSION = YES;
				CLANG_WARN_INFINITE_RECURSION = YES;
				CLANG_WARN_INT_CONVERSION = YES;
				CLANG_WARN_NON_LITERAL_NULL_CONVERSION = YES;
				CLANG_WARN_OBJC_IMPLICIT_RETAIN_SELF = YES;
				CLANG_WARN_OBJC_LITERAL_CONVERSION = YES;
				CLANG_WARN_OBJC_ROOT_CLASS = YES_ERROR;
				CLANG_WARN_QUOTED_INCLUDE_IN_FRAMEWORK_HEADER = YES;
				CLANG_WARN_RANGE_LOOP_ANALYSIS = YES;
				CLANG_WARN_STRICT_PROTOTYPES = YES;
				CLANG_WARN_SUSPICIOUS_MOVE = YES;
				CLANG_WARN_UNGUARDED_AVAILABILITY = YES_AGGRESSIVE;
				CLANG_WARN_UNREACHABLE_CODE = YES;
				CLANG_WARN__DUPLICATE_METHOD_MATCH = YES;
				COPY_PHASE_STRIP = NO;
				DEBUG_INFORMATION_FORMAT = "dwarf-with-dsym";
				ENABLE_NS_ASSERTIONS = NO;
				ENABLE_STRICT_OBJC_MSGSEND = YES;
				GCC_C_LANGUAGE_STANDARD = gnu11;
				GCC_NO_COMMON_BLOCKS = YES;
				GCC_WARN_64_TO_32_BIT_CONVERSION = YES;
				GCC_WARN_ABOUT_RETURN_TYPE = YES_ERROR;
				GCC_WARN_UNDECLARED_SELECTOR = YES;
				GCC_WARN_UNINITIALIZED_AUTOS = YES_AGGRESSIVE;
				GCC_WARN_UNUSED_FUNCTION = YES;
				GCC_WARN_UNUSED_VARIABLE = YES;
				IPHONEOS_DEPLOYMENT_TARGET = 16.4;
				MTL_ENABLE_DEBUG_INFO = NO;
				MTL_FAST_MATH = YES;
				SDKROOT = iphoneos;
				SWIFT_COMPILATION_MODE = wholemodule;
				SWIFT_OPTIMIZATION_LEVEL = "-O";
				VALIDATE_PRODUCT = YES;
			};
			name = Release;
		};
		634FC2F42A6E8501008ADCB9 /* Debug */ = {
			isa = XCBuildConfiguration;
			baseConfigurationReference = 5D3CEA9ED869EC88EB5CBD74 /* Pods-DevOpsPractical11.debug.xcconfig */;
			buildSettings = {
				ASSETCATALOG_COMPILER_APPICON_NAME = AppIcon;
				ASSETCATALOG_COMPILER_GLOBAL_ACCENT_COLOR_NAME = AccentColor;
				CODE_SIGN_IDENTITY = "Apple Development";
				CODE_SIGN_STYLE = Automatic;
				CURRENT_PROJECT_VERSION = 1;
				DEVELOPMENT_ASSET_PATHS = "\"DevOpsPractical11/Preview Content\"";
				DEVELOPMENT_TEAM = "";
				ENABLE_PREVIEWS = YES;
				GENERATE_INFOPLIST_FILE = YES;
				INFOPLIST_KEY_UIApplicationSceneManifest_Generation = YES;
				INFOPLIST_KEY_UIApplicationSupportsIndirectInputEvents = YES;
				INFOPLIST_KEY_UILaunchScreen_Generation = YES;
				INFOPLIST_KEY_UISupportedInterfaceOrientations_iPad = "UIInterfaceOrientationPortrait UIInterfaceOrientationPortraitUpsideDown UIInterfaceOrientationLandscapeLeft UIInterfaceOrientationLandscapeRight";
				INFOPLIST_KEY_UISupportedInterfaceOrientations_iPhone = "UIInterfaceOrientationPortrait UIInterfaceOrientationLandscapeLeft UIInterfaceOrientationLandscapeRight";
				LD_RUNPATH_SEARCH_PATHS = (
					"$(inherited)",
					"@executable_path/Frameworks",
				);
				MARKETING_VERSION = 1.0;
				PRODUCT_BUNDLE_IDENTIFIER = com.dk.DevOpsPractical11;
				PRODUCT_NAME = "$(TARGET_NAME)";
				PROVISIONING_PROFILE_SPECIFIER = "";
				SWIFT_EMIT_LOC_STRINGS = YES;
				SWIFT_VERSION = 5.0;
				TARGETED_DEVICE_FAMILY = "1,2";
			};
			name = Debug;
		};
		634FC2F52A6E8501008ADCB9 /* Release */ = {
			isa = XCBuildConfiguration;
			baseConfigurationReference = 770D2A7D4A65E7CCB8AC7A8F /* Pods-DevOpsPractical11.release.xcconfig */;
			buildSettings = {
				ASSETCATALOG_COMPILER_APPICON_NAME = AppIcon;
				ASSETCATALOG_COMPILER_GLOBAL_ACCENT_COLOR_NAME = AccentColor;
				CODE_SIGN_IDENTITY = "Apple Development";
				CODE_SIGN_STYLE = Automatic;
				CURRENT_PROJECT_VERSION = 1;
				DEVELOPMENT_ASSET_PATHS = "\"DevOpsPractical11/Preview Content\"";
				DEVELOPMENT_TEAM = "";
				ENABLE_PREVIEWS = YES;
				GENERATE_INFOPLIST_FILE = YES;
				INFOPLIST_KEY_UIApplicationSceneManifest_Generation = YES;
				INFOPLIST_KEY_UIApplicationSupportsIndirectInputEvents = YES;
				INFOPLIST_KEY_UILaunchScreen_Generation = YES;
				INFOPLIST_KEY_UISupportedInterfaceOrientations_iPad = "UIInterfaceOrientationPortrait UIInterfaceOrientationPortraitUpsideDown UIInterfaceOrientationLandscapeLeft UIInterfaceOrientationLandscapeRight";
				INFOPLIST_KEY_UISupportedInterfaceOrientations_iPhone = "UIInterfaceOrientationPortrait UIInterfaceOrientationLandscapeLeft UIInterfaceOrientationLandscapeRight";
				LD_RUNPATH_SEARCH_PATHS = (
					"$(inherited)",
					"@executable_path/Frameworks",
				);
				MARKETING_VERSION = 1.0;
				PRODUCT_BUNDLE_IDENTIFIER = com.dk.DevOpsPractical11;
				PRODUCT_NAME = "$(TARGET_NAME)";
				PROVISIONING_PROFILE_SPECIFIER = "";
				SWIFT_EMIT_LOC_STRINGS = YES;
				SWIFT_VERSION = 5.0;
				TARGETED_DEVICE_FAMILY = "1,2";
			};
			name = Release;
		};
/* End XCBuildConfiguration section */

/* Begin XCConfigurationList section */
		63197C972A6F94410020AE44 /* Build configuration list for PBXNativeTarget "DevOpsPractical11Tests" */ = {
			isa = XCConfigurationList;
			buildConfigurations = (
				63197C982A6F94410020AE44 /* Debug */,
				63197C992A6F94410020AE44 /* Release */,
			);
			defaultConfigurationIsVisible = 0;
			defaultConfigurationName = Release;
		};
		634FC2E02A6E8500008ADCB9 /* Build configuration list for PBXProject "DevOpsPractical11" */ = {
			isa = XCConfigurationList;
			buildConfigurations = (
				634FC2F12A6E8501008ADCB9 /* Debug */,
				634FC2F22A6E8501008ADCB9 /* Release */,
			);
			defaultConfigurationIsVisible = 0;
			defaultConfigurationName = Release;
		};
		634FC2F32A6E8501008ADCB9 /* Build configuration list for PBXNativeTarget "DevOpsPractical11" */ = {
			isa = XCConfigurationList;
			buildConfigurations = (
				634FC2F42A6E8501008ADCB9 /* Debug */,
				634FC2F52A6E8501008ADCB9 /* Release */,
			);
			defaultConfigurationIsVisible = 0;
			defaultConfigurationName = Release;
		};
/* End XCConfigurationList section */
	};
	rootObject = 634FC2DD2A6E8500008ADCB9 /* Project object */;
}
